
Microsoft Visual Studio Solution File, Format Version 12.00
# Visual Studio Version 17
VisualStudioVersion = 17.11.35303.130
MinimumVisualStudioVersion = 10.0.40219.1
Project("{FAE04EC0-301F-11D3-BF4B-00C04F79EFBC}") = "Zadanie_7_7", "Zadanie_7_7.csproj", "{B78B494A-0BE0-4DC6-8360-D87FAE25E9AE}"
EndProject
Global
	GlobalSection(SolutionConfigurationPlatforms) = preSolution
		Debug|Any CPU = Debug|Any CPU
		Release|Any CPU = Release|Any CPU
	EndGlobalSection
	GlobalSection(ProjectConfigurationPlatforms) = postSolution
		{B78B494A-0BE0-4DC6-8360-D87FAE25E9AE}.Debug|Any CPU.ActiveCfg = Debug|Any CPU
		{B78B494A-0BE0-4DC6-8360-D87FAE25E9AE}.Debug|Any CPU.Build.0 = Debug|Any CPU
		{B78B494A-0BE0-4DC6-8360-D87FAE25E9AE}.Release|Any CPU.ActiveCfg = Release|Any CPU
		{B78B494A-0BE0-4DC6-8360-D87FAE25E9AE}.Release|Any CPU.Build.0 = Release|Any CPU
	EndGlobalSection
	GlobalSection(SolutionProperties) = preSolution
		HideSolutionNode = FALSE
	EndGlobalSection
	GlobalSection(ExtensibilityGlobals) = postSolution
		SolutionGuid = {A8A88B73-E894-40AE-9DAF-6B115AB40824}
	EndGlobalSection
EndGlobal
